
Microsoft Visual Studio Solution File, Format Version 12.00
# Visual Studio 15
VisualStudioVersion = 15.0.26228.9
MinimumVisualStudioVersion = 10.0.40219.1
Project("{FAE04EC0-301F-11D3-BF4B-00C04F79EFBC}") = "ELearningCore", "ELearningCore\ELearningCore.csproj", "{7FFEEAC2-0B57-4302-AC9C-DF9D3E6C462E}"
EndProject
Project("{FAE04EC0-301F-11D3-BF4B-00C04F79EFBC}") = "ELearningCore.Data", "ELearningCore.Data\ELearningCore.Data.csproj", "{601A6AC0-E426-40B7-A200-4B282FF42C2A}"
EndProject
Project("{FAE04EC0-301F-11D3-BF4B-00C04F79EFBC}") = "ELearningCore.Infrastructure", "ELearningCore.Infrastructure\ELearningCore.Infrastructure.csproj", "{1A8D05F0-3EB0-46C9-B2BA-93E25D6568F4}"
EndProject
Project("{FAE04EC0-301F-11D3-BF4B-00C04F79EFBC}") = "ELearningCore.Data.EF", "ELearningCore.Data.EF\ELearningCore.Data.EF.csproj", "{8C42A273-A4F3-45BD-8C38-7D03F697B61D}"
EndProject
Global
	GlobalSection(SolutionConfigurationPlatforms) = preSolution
		Debug|Any CPU = Debug|Any CPU
		Release|Any CPU = Release|Any CPU
	EndGlobalSection
	GlobalSection(ProjectConfigurationPlatforms) = postSolution
		{7FFEEAC2-0B57-4302-AC9C-DF9D3E6C462E}.Debug|Any CPU.ActiveCfg = Debug|Any CPU
		{7FFEEAC2-0B57-4302-AC9C-DF9D3E6C462E}.Debug|Any CPU.Build.0 = Debug|Any CPU
		{7FFEEAC2-0B57-4302-AC9C-DF9D3E6C462E}.Release|Any CPU.ActiveCfg = Release|Any CPU
		{7FFEEAC2-0B57-4302-AC9C-DF9D3E6C462E}.Release|Any CPU.Build.0 = Release|Any CPU
		{601A6AC0-E426-40B7-A200-4B282FF42C2A}.Debug|Any CPU.ActiveCfg = Debug|Any CPU
		{601A6AC0-E426-40B7-A200-4B282FF42C2A}.Debug|Any CPU.Build.0 = Debug|Any CPU
		{601A6AC0-E426-40B7-A200-4B282FF42C2A}.Release|Any CPU.ActiveCfg = Release|Any CPU
		{601A6AC0-E426-40B7-A200-4B282FF42C2A}.Release|Any CPU.Build.0 = Release|Any CPU
		{1A8D05F0-3EB0-46C9-B2BA-93E25D6568F4}.Debug|Any CPU.ActiveCfg = Debug|Any CPU
		{1A8D05F0-3EB0-46C9-B2BA-93E25D6568F4}.Debug|Any CPU.Build.0 = Debug|Any CPU
		{1A8D05F0-3EB0-46C9-B2BA-93E25D6568F4}.Release|Any CPU.ActiveCfg = Release|Any CPU
		{1A8D05F0-3EB0-46C9-B2BA-93E25D6568F4}.Release|Any CPU.Build.0 = Release|Any CPU
		{8C42A273-A4F3-45BD-8C38-7D03F697B61D}.Debug|Any CPU.ActiveCfg = Debug|Any CPU
		{8C42A273-A4F3-45BD-8C38-7D03F697B61D}.Debug|Any CPU.Build.0 = Debug|Any CPU
		{8C42A273-A4F3-45BD-8C38-7D03F697B61D}.Release|Any CPU.ActiveCfg = Release|Any CPU
		{8C42A273-A4F3-45BD-8C38-7D03F697B61D}.Release|Any CPU.Build.0 = Release|Any CPU
	EndGlobalSection
	GlobalSection(SolutionProperties) = preSolution
		HideSolutionNode = FALSE
	EndGlobalSection
EndGlobal
